
Microsoft Visual Studio Solution File, Format Version 12.00
# Visual Studio 15
VisualStudioVersion = 15.0.28307.852
MinimumVisualStudioVersion = 10.0.40219.1
Project("{FAE04EC0-301F-11D3-BF4B-00C04F79EFBC}") = "gitHubTest", "gitHubTest\gitHubTest.csproj", "{3F87994F-682A-4745-8976-5B2B90B382C7}"
EndProject
Global
	GlobalSection(SolutionConfigurationPlatforms) = preSolution
		Debug|Any CPU = Debug|Any CPU
		Release|Any CPU = Release|Any CPU
	EndGlobalSection
	GlobalSection(ProjectConfigurationPlatforms) = postSolution
		{3F87994F-682A-4745-8976-5B2B90B382C7}.Debug|Any CPU.ActiveCfg = Debug|Any CPU
		{3F87994F-682A-4745-8976-5B2B90B382C7}.Debug|Any CPU.Build.0 = Debug|Any CPU
		{3F87994F-682A-4745-8976-5B2B90B382C7}.Release|Any CPU.ActiveCfg = Release|Any CPU
		{3F87994F-682A-4745-8976-5B2B90B382C7}.Release|Any CPU.Build.0 = Release|Any CPU
	EndGlobalSection
	GlobalSection(SolutionProperties) = preSolution
		HideSolutionNode = FALSE
	EndGlobalSection
	GlobalSection(ExtensibilityGlobals) = postSolution
		SolutionGuid = {4ECF71A4-713C-407E-8174-45710AA7E827}
	EndGlobalSection
EndGlobal
